
Microsoft Visual Studio Solution File, Format Version 12.00
# Visual Studio 14
VisualStudioVersion = 14.0.24720.0
MinimumVisualStudioVersion = 10.0.40219.1
Project("{FAE04EC0-301F-11D3-BF4B-00C04F79EFBC}") = "TankD2", "TankD2\TankD2\TankD2.csproj", "{BACCAC87-5AE6-43C6-A5F0-AE2B72687F58}"
EndProject
Project("{96E2B04D-8817-42C6-938A-82C39BA4D311}") = "TankD2Content", "TankD2\TankD2Content\TankD2Content.contentproj", "{1D5C4EF7-EB0B-4094-A587-A6D326B61EE6}"
EndProject
Global
	GlobalSection(SolutionConfigurationPlatforms) = preSolution
		Debug|x86 = Debug|x86
		Release|x86 = Release|x86
	EndGlobalSection
	GlobalSection(ProjectConfigurationPlatforms) = postSolution
		{BACCAC87-5AE6-43C6-A5F0-AE2B72687F58}.Debug|x86.ActiveCfg = Debug|x86
		{BACCAC87-5AE6-43C6-A5F0-AE2B72687F58}.Debug|x86.Build.0 = Debug|x86
		{BACCAC87-5AE6-43C6-A5F0-AE2B72687F58}.Release|x86.ActiveCfg = Release|x86
		{BACCAC87-5AE6-43C6-A5F0-AE2B72687F58}.Release|x86.Build.0 = Release|x86
		{1D5C4EF7-EB0B-4094-A587-A6D326B61EE6}.Debug|x86.ActiveCfg = Debug|x86
		{1D5C4EF7-EB0B-4094-A587-A6D326B61EE6}.Release|x86.ActiveCfg = Release|x86
	EndGlobalSection
	GlobalSection(SolutionProperties) = preSolution
		HideSolutionNode = FALSE
	EndGlobalSection
EndGlobal
